
Microsoft Visual Studio Solution File, Format Version 12.00
# 
Project("{FAE04EC0-301F-11D3-BF4B-00C04F79EFBC}") = "osu.Server.Spectator", "osu.Server.Spectator\osu.Server.Spectator.csproj", "{25BA3E1C-81EC-4DFB-9476-E7C6132CAD12}"
EndProject
Project("{FAE04EC0-301F-11D3-BF4B-00C04F79EFBC}") = "osu.Server.Spectator.Tests", "osu.Server.Spectator.Tests\osu.Server.Spectator.Tests.csproj", "{8FA8D3BE-FC98-45F6-98FC-07F70DD2483B}"
EndProject
Project("{FAE04EC0-301F-11D3-BF4B-00C04F79EFBC}") = "SampleSpectatorClient", "SampleSpectatorClient\SampleSpectatorClient.csproj", "{E126B79F-50B9-4448-8DE6-564BB820EE9D}"
EndProject
Project("{FAE04EC0-301F-11D3-BF4B-00C04F79EFBC}") = "SampleMultiplayerClient", "SampleMultiplayerClient\SampleMultiplayerClient.csproj", "{1F6CE8F8-1CF5-455B-9064-63CC12410B56}"
EndProject
Project("{FAE04EC0-301F-11D3-BF4B-00C04F79EFBC}") = "osu.Game.Rulesets.Catch", "..\osu\osu.Game.Rulesets.Catch\osu.Game.Rulesets.Catch.csproj", "{25E11988-9390-4A0C-9C6B-E154758232A4}"
EndProject
Project("{FAE04EC0-301F-11D3-BF4B-00C04F79EFBC}") = "osu.Game.Rulesets.Mania", "..\osu\osu.Game.Rulesets.Mania\osu.Game.Rulesets.Mania.csproj", "{13294A5A-53E1-43A8-BD99-7E25C77E1267}"
EndProject
Project("{FAE04EC0-301F-11D3-BF4B-00C04F79EFBC}") = "osu.Game.Rulesets.Osu", "..\osu\osu.Game.Rulesets.Osu\osu.Game.Rulesets.Osu.csproj", "{0E9075E1-D05F-4E83-BEF2-1A732724BE54}"
EndProject
Project("{FAE04EC0-301F-11D3-BF4B-00C04F79EFBC}") = "osu.Game.Rulesets.Taiko", "..\osu\osu.Game.Rulesets.Taiko\osu.Game.Rulesets.Taiko.csproj", "{37E608B6-404F-48DA-BC48-49FDECF58444}"
EndProject
Project("{FAE04EC0-301F-11D3-BF4B-00C04F79EFBC}") = "osu.Game", "..\osu\osu.Game\osu.Game.csproj", "{0E5ABD2E-3029-438A-AC15-09EB60F6FB5E}"
EndProject
Global
	GlobalSection(SolutionConfigurationPlatforms) = preSolution
		Debug|Any CPU = Debug|Any CPU
		Release|Any CPU = Release|Any CPU
	EndGlobalSection
	GlobalSection(ProjectConfigurationPlatforms) = postSolution
		{25BA3E1C-81EC-4DFB-9476-E7C6132CAD12}.Debug|Any CPU.ActiveCfg = Debug|Any CPU
		{25BA3E1C-81EC-4DFB-9476-E7C6132CAD12}.Debug|Any CPU.Build.0 = Debug|Any CPU
		{25BA3E1C-81EC-4DFB-9476-E7C6132CAD12}.Release|Any CPU.ActiveCfg = Release|Any CPU
		{25BA3E1C-81EC-4DFB-9476-E7C6132CAD12}.Release|Any CPU.Build.0 = Release|Any CPU
		{8FA8D3BE-FC98-45F6-98FC-07F70DD2483B}.Debug|Any CPU.ActiveCfg = Debug|Any CPU
		{8FA8D3BE-FC98-45F6-98FC-07F70DD2483B}.Debug|Any CPU.Build.0 = Debug|Any CPU
		{8FA8D3BE-FC98-45F6-98FC-07F70DD2483B}.Release|Any CPU.ActiveCfg = Release|Any CPU
		{8FA8D3BE-FC98-45F6-98FC-07F70DD2483B}.Release|Any CPU.Build.0 = Release|Any CPU
		{E126B79F-50B9-4448-8DE6-564BB820EE9D}.Debug|Any CPU.ActiveCfg = Debug|Any CPU
		{E126B79F-50B9-4448-8DE6-564BB820EE9D}.Debug|Any CPU.Build.0 = Debug|Any CPU
		{E126B79F-50B9-4448-8DE6-564BB820EE9D}.Release|Any CPU.ActiveCfg = Release|Any CPU
		{E126B79F-50B9-4448-8DE6-564BB820EE9D}.Release|Any CPU.Build.0 = Release|Any CPU
		{1F6CE8F8-1CF5-455B-9064-63CC12410B56}.Debug|Any CPU.ActiveCfg = Debug|Any CPU
		{1F6CE8F8-1CF5-455B-9064-63CC12410B56}.Debug|Any CPU.Build.0 = Debug|Any CPU
		{1F6CE8F8-1CF5-455B-9064-63CC12410B56}.Release|Any CPU.ActiveCfg = Release|Any CPU
		{1F6CE8F8-1CF5-455B-9064-63CC12410B56}.Release|Any CPU.Build.0 = Release|Any CPU
		{25E11988-9390-4A0C-9C6B-E154758232A4}.Debug|Any CPU.ActiveCfg = Debug|Any CPU
		{25E11988-9390-4A0C-9C6B-E154758232A4}.Debug|Any CPU.Build.0 = Debug|Any CPU
		{25E11988-9390-4A0C-9C6B-E154758232A4}.Release|Any CPU.ActiveCfg = Release|Any CPU
		{25E11988-9390-4A0C-9C6B-E154758232A4}.Release|Any CPU.Build.0 = Release|Any CPU
		{13294A5A-53E1-43A8-BD99-7E25C77E1267}.Debug|Any CPU.ActiveCfg = Debug|Any CPU
		{13294A5A-53E1-43A8-BD99-7E25C77E1267}.Debug|Any CPU.Build.0 = Debug|Any CPU
		{13294A5A-53E1-43A8-BD99-7E25C77E1267}.Release|Any CPU.ActiveCfg = Release|Any CPU
		{13294A5A-53E1-43A8-BD99-7E25C77E1267}.Release|Any CPU.Build.0 = Release|Any CPU
		{0E9075E1-D05F-4E83-BEF2-1A732724BE54}.Debug|Any CPU.ActiveCfg = Debug|Any CPU
		{0E9075E1-D05F-4E83-BEF2-1A732724BE54}.Debug|Any CPU.Build.0 = Debug|Any CPU
		{0E9075E1-D05F-4E83-BEF2-1A732724BE54}.Release|Any CPU.ActiveCfg = Release|Any CPU
		{0E9075E1-D05F-4E83-BEF2-1A732724BE54}.Release|Any CPU.Build.0 = Release|Any CPU
		{37E608B6-404F-48DA-BC48-49FDECF58444}.Debug|Any CPU.ActiveCfg = Debug|Any CPU
		{37E608B6-404F-48DA-BC48-49FDECF58444}.Debug|Any CPU.Build.0 = Debug|Any CPU
		{37E608B6-404F-48DA-BC48-49FDECF58444}.Release|Any CPU.ActiveCfg = Release|Any CPU
		{37E608B6-404F-48DA-BC48-49FDECF58444}.Release|Any CPU.Build.0 = Release|Any CPU
		{0E5ABD2E-3029-438A-AC15-09EB60F6FB5E}.Debug|Any CPU.ActiveCfg = Debug|Any CPU
		{0E5ABD2E-3029-438A-AC15-09EB60F6FB5E}.Debug|Any CPU.Build.0 = Debug|Any CPU
		{0E5ABD2E-3029-438A-AC15-09EB60F6FB5E}.Release|Any CPU.ActiveCfg = Release|Any CPU
		{0E5ABD2E-3029-438A-AC15-09EB60F6FB5E}.Release|Any CPU.Build.0 = Release|Any CPU
	EndGlobalSection
EndGlobal
